
Microsoft Visual Studio Solution File, Format Version 12.00
# Visual Studio Version 17
VisualStudioVersion = 17.6.33723.286
MinimumVisualStudioVersion = 10.0.40219.1
Project("{9A19103F-16F7-4668-BE54-9A1E7A4F7556}") = "ProductApp", "ProductApp\ProductApp.csproj", "{95B41EDC-7E73-4E61-B4C3-79201BB9D953}"
EndProject
Project("{9A19103F-16F7-4668-BE54-9A1E7A4F7556}") = "ProductAppTest", "ProductAppTest\ProductAppTest.csproj", "{CA83BA54-590B-4E89-8073-37AC29906223}"
EndProject
Global
	GlobalSection(SolutionConfigurationPlatforms) = preSolution
		Debug|Any CPU = Debug|Any CPU
		Release|Any CPU = Release|Any CPU
	EndGlobalSection
	GlobalSection(ProjectConfigurationPlatforms) = postSolution
		{95B41EDC-7E73-4E61-B4C3-79201BB9D953}.Debug|Any CPU.ActiveCfg = Debug|Any CPU
		{95B41EDC-7E73-4E61-B4C3-79201BB9D953}.Debug|Any CPU.Build.0 = Debug|Any CPU
		{95B41EDC-7E73-4E61-B4C3-79201BB9D953}.Release|Any CPU.ActiveCfg = Release|Any CPU
		{95B41EDC-7E73-4E61-B4C3-79201BB9D953}.Release|Any CPU.Build.0 = Release|Any CPU
		{CA83BA54-590B-4E89-8073-37AC29906223}.Debug|Any CPU.ActiveCfg = Debug|Any CPU
		{CA83BA54-590B-4E89-8073-37AC29906223}.Debug|Any CPU.Build.0 = Debug|Any CPU
		{CA83BA54-590B-4E89-8073-37AC29906223}.Release|Any CPU.ActiveCfg = Release|Any CPU
		{CA83BA54-590B-4E89-8073-37AC29906223}.Release|Any CPU.Build.0 = Release|Any CPU
	EndGlobalSection
	GlobalSection(SolutionProperties) = preSolution
		HideSolutionNode = FALSE
	EndGlobalSection
	GlobalSection(ExtensibilityGlobals) = postSolution
		SolutionGuid = {55F93299-9E72-4746-873B-D5777AAC06AB}
	EndGlobalSection
EndGlobal
